
Microsoft Visual Studio Solution File, Format Version 12.00
# Visual Studio Version 16
VisualStudioVersion = 16.0.30225.117
MinimumVisualStudioVersion = 10.0.40219.1
Project("{FAE04EC0-301F-11D3-BF4B-00C04F79EFBC}") = "EusaHotDeskBooking", "EusaHotDeskBooking.csproj", "{9517BB2B-1203-4114-A2C7-F34C45A7A567}"
EndProject
Global
	GlobalSection(SolutionConfigurationPlatforms) = preSolution
		Debug|Any CPU = Debug|Any CPU
		Release|Any CPU = Release|Any CPU
	EndGlobalSection
	GlobalSection(ProjectConfigurationPlatforms) = postSolution
		{9517BB2B-1203-4114-A2C7-F34C45A7A567}.Debug|Any CPU.ActiveCfg = Debug|Any CPU
		{9517BB2B-1203-4114-A2C7-F34C45A7A567}.Debug|Any CPU.Build.0 = Debug|Any CPU
		{9517BB2B-1203-4114-A2C7-F34C45A7A567}.Release|Any CPU.ActiveCfg = Release|Any CPU
		{9517BB2B-1203-4114-A2C7-F34C45A7A567}.Release|Any CPU.Build.0 = Release|Any CPU
	EndGlobalSection
	GlobalSection(SolutionProperties) = preSolution
		HideSolutionNode = FALSE
	EndGlobalSection
	GlobalSection(ExtensibilityGlobals) = postSolution
		SolutionGuid = {A8013982-190F-4ACC-8966-CA9BD989ECA6}
	EndGlobalSection
EndGlobal
